// !$*UTF8*$!
{
	archiveVersion = 1;
	classes = {
	};
	objectVersion = 46;
	objects = {

/* Begin PBXBuildFile section */
		3A03B174205178E40034DC87 /* NSString+AGCalculate.m in Sources */ = {isa = PBXBuildFile; fileRef = 3A03B173205178E40034DC87 /* NSString+AGCalculate.m */; };
		3A04291420B783EA0025D9D5 /* AGDoubanService.m in Sources */ = {isa = PBXBuildFile; fileRef = 3A04291320B783EA0025D9D5 /* AGDoubanService.m */; };
		3A04291720B78D500025D9D5 /* CTAPIBaseManager+WNAPIBaseManager.m in Sources */ = {isa = PBXBuildFile; fileRef = 3A04291520B78D500025D9D5 /* CTAPIBaseManager+WNAPIBaseManager.m */; };
		3A04291B20B792100025D9D5 /* Target_CTAppContext.m in Sources */ = {isa = PBXBuildFile; fileRef = 3A04291920B792100025D9D5 /* Target_CTAppContext.m */; };
		3A04291E20B793960025D9D5 /* Target_AGDoubanService.m in Sources */ = {isa = PBXBuildFile; fileRef = 3A04291D20B793960025D9D5 /* Target_AGDoubanService.m */; };
		3A04292120B7955D0025D9D5 /* AGBookListAPIReformer.m in Sources */ = {isa = PBXBuildFile; fileRef = 3A04292020B7955D0025D9D5 /* AGBookListAPIReformer.m */; };
		3A04292420B796260025D9D5 /* AGBookListCellVMP.m in Sources */ = {isa = PBXBuildFile; fileRef = 3A04292320B796260025D9D5 /* AGBookListCellVMP.m */; };
		3A04292D20B7AAB00025D9D5 /* AGHomeVMGenerator.m in Sources */ = {isa = PBXBuildFile; fileRef = 3A04292820B7AAB00025D9D5 /* AGHomeVMGenerator.m */; };
		3A04292E20B7AAB00025D9D5 /* ViewController.m in Sources */ = {isa = PBXBuildFile; fileRef = 3A04292B20B7AAB00025D9D5 /* ViewController.m */; };
		3A04293820B7AADB0025D9D5 /* GZPSItemHeaderView.m in Sources */ = {isa = PBXBuildFile; fileRef = 3A04293020B7AADA0025D9D5 /* GZPSItemHeaderView.m */; };
		3A04293920B7AADB0025D9D5 /* GZPSItemDetailCell.m in Sources */ = {isa = PBXBuildFile; fileRef = 3A04293120B7AADA0025D9D5 /* GZPSItemDetailCell.m */; };
		3A04293A20B7AADB0025D9D5 /* GZPSItemDetailCell.xib in Resources */ = {isa = PBXBuildFile; fileRef = 3A04293220B7AADA0025D9D5 /* GZPSItemDetailCell.xib */; };
		3A04293B20B7AADB0025D9D5 /* AGDocumentViewController.m in Sources */ = {isa = PBXBuildFile; fileRef = 3A04293720B7AADA0025D9D5 /* AGDocumentViewController.m */; };
		3A04294B20B7AB000025D9D5 /* AGBoxDetailViewController.m in Sources */ = {isa = PBXBuildFile; fileRef = 3A04293D20B7AAFF0025D9D5 /* AGBoxDetailViewController.m */; };
		3A04294C20B7AB000025D9D5 /* AGBoxCollectionViewController.m in Sources */ = {isa = PBXBuildFile; fileRef = 3A04294020B7AAFF0025D9D5 /* AGBoxCollectionViewController.m */; };
		3A04294D20B7AB000025D9D5 /* AGBoxACell.xib in Resources */ = {isa = PBXBuildFile; fileRef = 3A04294520B7AB000025D9D5 /* AGBoxACell.xib */; };
		3A04294E20B7AB000025D9D5 /* AGBoxBCell.m in Sources */ = {isa = PBXBuildFile; fileRef = 3A04294620B7AB000025D9D5 /* AGBoxBCell.m */; };
		3A04294F20B7AB000025D9D5 /* AGBoxCCell.m in Sources */ = {isa = PBXBuildFile; fileRef = 3A04294720B7AB000025D9D5 /* AGBoxCCell.m */; };
		3A04295020B7AB000025D9D5 /* AGBoxBCell.xib in Resources */ = {isa = PBXBuildFile; fileRef = 3A04294820B7AB000025D9D5 /* AGBoxBCell.xib */; };
		3A04295120B7AB000025D9D5 /* AGBoxACell.m in Sources */ = {isa = PBXBuildFile; fileRef = 3A04294920B7AB000025D9D5 /* AGBoxACell.m */; };
		3A04295220B7AB000025D9D5 /* AGBoxCCell.xib in Resources */ = {isa = PBXBuildFile; fileRef = 3A04294A20B7AB000025D9D5 /* AGBoxCCell.xib */; };
		3A04295520B7AC9C0025D9D5 /* AGBookDetailAPIManager.m in Sources */ = {isa = PBXBuildFile; fileRef = 3A04295420B7AC9C0025D9D5 /* AGBookDetailAPIManager.m */; };
		3A04295920B7AE4B0025D9D5 /* AGBookDetailViewController.m in Sources */ = {isa = PBXBuildFile; fileRef = 3A04295720B7AE4B0025D9D5 /* AGBookDetailViewController.m */; };
		3A04295A20B7AE4B0025D9D5 /* AGBookDetailViewController.xib in Resources */ = {isa = PBXBuildFile; fileRef = 3A04295820B7AE4B0025D9D5 /* AGBookDetailViewController.xib */; };
		3A04295D20B7B2610025D9D5 /* AGBookHandleReformer.m in Sources */ = {isa = PBXBuildFile; fileRef = 3A04295C20B7B2610025D9D5 /* AGBookHandleReformer.m */; };
		3A409D8B1F606A1700845767 /* AGVMNotifier.m in Sources */ = {isa = PBXBuildFile; fileRef = 3A409D8A1F606A1700845767 /* AGVMNotifier.m */; };
		3A7FD5D220B779F700A0787A /* AGBookListViewController.m in Sources */ = {isa = PBXBuildFile; fileRef = 3A7FD5D120B779F700A0787A /* AGBookListViewController.m */; };
		3A7FD5D620B77C6200A0787A /* AGBookListCell.m in Sources */ = {isa = PBXBuildFile; fileRef = 3A7FD5D420B77C6200A0787A /* AGBookListCell.m */; };
		3A7FD5D720B77C6200A0787A /* AGBookListCell.xib in Resources */ = {isa = PBXBuildFile; fileRef = 3A7FD5D520B77C6200A0787A /* AGBookListCell.xib */; };
		3A7FD5E720B77EC300A0787A /* AGBoxVMGenerator.m in Sources */ = {isa = PBXBuildFile; fileRef = 3A7FD5E420B77EC300A0787A /* AGBoxVMGenerator.m */; };
		3A7FD5EC20B77F0200A0787A /* AGDocumentVMGenerator.m in Sources */ = {isa = PBXBuildFile; fileRef = 3A7FD5EA20B77F0200A0787A /* AGDocumentVMGenerator.m */; };
		3A7FD5F320B7810100A0787A /* AGBookListAPIManager.m in Sources */ = {isa = PBXBuildFile; fileRef = 3A7FD5F220B7810100A0787A /* AGBookListAPIManager.m */; };
		3A89D45421D99CC300B0779A /* AGMainCell.m in Sources */ = {isa = PBXBuildFile; fileRef = 3A89D45321D99CC300B0779A /* AGMainCell.m */; };
		3A89D45721D99DB700B0779A /* AGMainHeaderFooterView.m in Sources */ = {isa = PBXBuildFile; fileRef = 3A89D45621D99DB700B0779A /* AGMainHeaderFooterView.m */; };
		3AA8036B21DE4B2900515EC8 /* UIViewController+AGViewModel.m in Sources */ = {isa = PBXBuildFile; fileRef = 3AA8036A21DE4B2900515EC8 /* UIViewController+AGViewModel.m */; };
		3AA8036D21DE6ABC00515EC8 /* AGVMKeys.m in Sources */ = {isa = PBXBuildFile; fileRef = 3AA8036C21DE6ABC00515EC8 /* AGVMKeys.m */; };
		3AACE8261EACF9100097C4F3 /* main.m in Sources */ = {isa = PBXBuildFile; fileRef = 3AACE8251EACF9100097C4F3 /* main.m */; };
		3AACE8291EACF9100097C4F3 /* AppDelegate.m in Sources */ = {isa = PBXBuildFile; fileRef = 3AACE8281EACF9100097C4F3 /* AppDelegate.m */; };
		3AACE82F1EACF9100097C4F3 /* Main.storyboard in Resources */ = {isa = PBXBuildFile; fileRef = 3AACE82D1EACF9100097C4F3 /* Main.storyboard */; };
		3AACE8311EACF9100097C4F3 /* Assets.xcassets in Resources */ = {isa = PBXBuildFile; fileRef = 3AACE8301EACF9100097C4F3 /* Assets.xcassets */; };
		3AACE8341EACF9100097C4F3 /* LaunchScreen.storyboard in Resources */ = {isa = PBXBuildFile; fileRef = 3AACE8321EACF9100097C4F3 /* LaunchScreen.storyboard */; };
		3AACE83F1EACF9110097C4F3 /* AGViewModelDemoTests.m in Sources */ = {isa = PBXBuildFile; fileRef = 3AACE83E1EACF9110097C4F3 /* AGViewModelDemoTests.m */; };
		3ABDA84E1FF340F40039AA42 /* AGViewModelSafeAccessibleTests.m in Sources */ = {isa = PBXBuildFile; fileRef = 3ABDA84D1FF340F40039AA42 /* AGViewModelSafeAccessibleTests.m */; };
		3AC28E001FB8179C00578B5D /* AGTableViewManager.m in Sources */ = {isa = PBXBuildFile; fileRef = 3AC28DFA1FB8179C00578B5D /* AGTableViewManager.m */; };
		3AC28E011FB8179C00578B5D /* AGCollectionViewManager.m in Sources */ = {isa = PBXBuildFile; fileRef = 3AC28DFB1FB8179C00578B5D /* AGCollectionViewManager.m */; };
		3AC28E021FB8179C00578B5D /* AGBaseViewManager.m in Sources */ = {isa = PBXBuildFile; fileRef = 3AC28DFC1FB8179C00578B5D /* AGBaseViewManager.m */; };
		3AD8916A1F38965100E86F9F /* AGViewModel.m in Sources */ = {isa = PBXBuildFile; fileRef = 3AD8915E1F38965100E86F9F /* AGViewModel.m */; };
		3AD8916B1F38965100E86F9F /* AGVMPackager.m in Sources */ = {isa = PBXBuildFile; fileRef = 3AD891631F38965100E86F9F /* AGVMPackager.m */; };
		3AD8916C1F38965100E86F9F /* AGVMManager.m in Sources */ = {isa = PBXBuildFile; fileRef = 3AD891651F38965100E86F9F /* AGVMManager.m */; };
		3AD8916D1F38965100E86F9F /* AGVMSection.m in Sources */ = {isa = PBXBuildFile; fileRef = 3AD891671F38965100E86F9F /* AGVMSection.m */; };
		3AE9C38A2031437B009F4B29 /* UITableViewCell+AGViewModel.m in Sources */ = {isa = PBXBuildFile; fileRef = 3AE9C3802031437B009F4B29 /* UITableViewCell+AGViewModel.m */; };
		3AE9C38B2031437B009F4B29 /* UITableViewHeaderFooterView+AGViewModel.m in Sources */ = {isa = PBXBuildFile; fileRef = 3AE9C3812031437B009F4B29 /* UITableViewHeaderFooterView+AGViewModel.m */; };
		3AE9C38C2031437B009F4B29 /* UICollectionReusableView+AGViewModel.m in Sources */ = {isa = PBXBuildFile; fileRef = 3AE9C3822031437B009F4B29 /* UICollectionReusableView+AGViewModel.m */; };
		3AE9C38D2031437B009F4B29 /* UICollectionViewCell+AGViewModel.m in Sources */ = {isa = PBXBuildFile; fileRef = 3AE9C3832031437B009F4B29 /* UICollectionViewCell+AGViewModel.m */; };
		3AE9C394203143DB009F4B29 /* UIView+AGViewModel.m in Sources */ = {isa = PBXBuildFile; fileRef = 3AE9C393203143DB009F4B29 /* UIView+AGViewModel.m */; };
		3AFD681E21D3F6A6007317E6 /* AGDiskBookListViewController.m in Sources */ = {isa = PBXBuildFile; fileRef = 3AFD681D21D3F6A6007317E6 /* AGDiskBookListViewController.m */; };
		87465D43050D2F2439B7FF87 /* libPods-AGViewModelDemo.a in Frameworks */ = {isa = PBXBuildFile; fileRef = B9E38E8365AEB3988E2CFC57 /* libPods-AGViewModelDemo.a */; };
/* End PBXBuildFile section */

/* Begin PBXContainerItemProxy section */
		3AACE83B1EACF9110097C4F3 /* PBXContainerItemProxy */ = {
			isa = PBXContainerItemProxy;
			containerPortal = 3AACE8191EACF9100097C4F3 /* Project object */;
			proxyType = 1;
			remoteGlobalIDString = 3AACE8201EACF9100097C4F3;
			remoteInfo = AGViewModelDemo;
		};
/* End PBXContainerItemProxy section */

/* Begin PBXFileReference section */
		0B73F38F0874A936EE14B756 /* Pods-AGViewModelDemo.debug.xcconfig */ = {isa = PBXFileReference; includeInIndex = 1; lastKnownFileType = text.xcconfig; name = "Pods-AGViewModelDemo.debug.xcconfig"; path = "Pods/Target Support Files/Pods-AGViewModelDemo/Pods-AGViewModelDemo.debug.xcconfig"; sourceTree = "<group>"; };
		3A03B172205178E40034DC87 /* NSString+AGCalculate.h */ = {isa = PBXFileReference; fileEncoding = 4; lastKnownFileType = sourcecode.c.h; path = "NSString+AGCalculate.h"; sourceTree = "<group>"; };
		3A03B173205178E40034DC87 /* NSString+AGCalculate.m */ = {isa = PBXFileReference; fileEncoding = 4; lastKnownFileType = sourcecode.c.objc; path = "NSString+AGCalculate.m"; sourceTree = "<group>"; };
		3A04291220B783EA0025D9D5 /* AGDoubanService.h */ = {isa = PBXFileReference; lastKnownFileType = sourcecode.c.h; path = AGDoubanService.h; sourceTree = "<group>"; };
		3A04291320B783EA0025D9D5 /* AGDoubanService.m */ = {isa = PBXFileReference; lastKnownFileType = sourcecode.c.objc; path = AGDoubanService.m; sourceTree = "<group>"; };
		3A04291520B78D500025D9D5 /* CTAPIBaseManager+WNAPIBaseManager.m */ = {isa = PBXFileReference; fileEncoding = 4; lastKnownFileType = sourcecode.c.objc; path = "CTAPIBaseManager+WNAPIBaseManager.m"; sourceTree = "<group>"; };
		3A04291620B78D500025D9D5 /* CTAPIBaseManager+WNAPIBaseManager.h */ = {isa = PBXFileReference; fileEncoding = 4; lastKnownFileType = sourcecode.c.h; path = "CTAPIBaseManager+WNAPIBaseManager.h"; sourceTree = "<group>"; };
		3A04291920B792100025D9D5 /* Target_CTAppContext.m */ = {isa = PBXFileReference; fileEncoding = 4; lastKnownFileType = sourcecode.c.objc; path = Target_CTAppContext.m; sourceTree = "<group>"; };
		3A04291A20B792100025D9D5 /* Target_CTAppContext.h */ = {isa = PBXFileReference; fileEncoding = 4; lastKnownFileType = sourcecode.c.h; path = Target_CTAppContext.h; sourceTree = "<group>"; };
		3A04291C20B793960025D9D5 /* Target_AGDoubanService.h */ = {isa = PBXFileReference; lastKnownFileType = sourcecode.c.h; path = Target_AGDoubanService.h; sourceTree = "<group>"; };
		3A04291D20B793960025D9D5 /* Target_AGDoubanService.m */ = {isa = PBXFileReference; lastKnownFileType = sourcecode.c.objc; path = Target_AGDoubanService.m; sourceTree = "<group>"; };
		3A04291F20B7955D0025D9D5 /* AGBookListAPIReformer.h */ = {isa = PBXFileReference; lastKnownFileType = sourcecode.c.h; path = AGBookListAPIReformer.h; sourceTree = "<group>"; };
		3A04292020B7955D0025D9D5 /* AGBookListAPIReformer.m */ = {isa = PBXFileReference; lastKnownFileType = sourcecode.c.objc; path = AGBookListAPIReformer.m; sourceTree = "<group>"; };
		3A04292220B796260025D9D5 /* AGBookListCellVMP.h */ = {isa = PBXFileReference; lastKnownFileType = sourcecode.c.h; path = AGBookListCellVMP.h; sourceTree = "<group>"; };
		3A04292320B796260025D9D5 /* AGBookListCellVMP.m */ = {isa = PBXFileReference; lastKnownFileType = sourcecode.c.objc; path = AGBookListCellVMP.m; sourceTree = "<group>"; };
		3A04292520B798300025D9D5 /* AGBookAPIKeys.h */ = {isa = PBXFileReference; lastKnownFileType = sourcecode.c.h; path = AGBookAPIKeys.h; sourceTree = "<group>"; };
		3A04292820B7AAB00025D9D5 /* AGHomeVMGenerator.m */ = {isa = PBXFileReference; fileEncoding = 4; lastKnownFileType = sourcecode.c.objc; path = AGHomeVMGenerator.m; sourceTree = "<group>"; };
		3A04292920B7AAB00025D9D5 /* AGHomeVMGenerator.h */ = {isa = PBXFileReference; fileEncoding = 4; lastKnownFileType = sourcecode.c.h; path = AGHomeVMGenerator.h; sourceTree = "<group>"; };
		3A04292B20B7AAB00025D9D5 /* ViewController.m */ = {isa = PBXFileReference; fileEncoding = 4; lastKnownFileType = sourcecode.c.objc; path = ViewController.m; sourceTree = "<group>"; };
		3A04292C20B7AAB00025D9D5 /* ViewController.h */ = {isa = PBXFileReference; fileEncoding = 4; lastKnownFileType = sourcecode.c.h; path = ViewController.h; sourceTree = "<group>"; };
		3A04293020B7AADA0025D9D5 /* GZPSItemHeaderView.m */ = {isa = PBXFileReference; fileEncoding = 4; lastKnownFileType = sourcecode.c.objc; path = GZPSItemHeaderView.m; sourceTree = "<group>"; };
		3A04293120B7AADA0025D9D5 /* GZPSItemDetailCell.m */ = {isa = PBXFileReference; fileEncoding = 4; lastKnownFileType = sourcecode.c.objc; path = GZPSItemDetailCell.m; sourceTree = "<group>"; };
		3A04293220B7AADA0025D9D5 /* GZPSItemDetailCell.xib */ = {isa = PBXFileReference; fileEncoding = 4; lastKnownFileType = file.xib; path = GZPSItemDetailCell.xib; sourceTree = "<group>"; };
		3A04293320B7AADA0025D9D5 /* GZPSItemHeaderView.h */ = {isa = PBXFileReference; fileEncoding = 4; lastKnownFileType = sourcecode.c.h; path = GZPSItemHeaderView.h; sourceTree = "<group>"; };
		3A04293420B7AADA0025D9D5 /* GZPSItemDetailCell.h */ = {isa = PBXFileReference; fileEncoding = 4; lastKnownFileType = sourcecode.c.h; path = GZPSItemDetailCell.h; sourceTree = "<group>"; };
		3A04293620B7AADA0025D9D5 /* AGDocumentViewController.h */ = {isa = PBXFileReference; fileEncoding = 4; lastKnownFileType = sourcecode.c.h; path = AGDocumentViewController.h; sourceTree = "<group>"; };
		3A04293720B7AADA0025D9D5 /* AGDocumentViewController.m */ = {isa = PBXFileReference; fileEncoding = 4; lastKnownFileType = sourcecode.c.objc; path = AGDocumentViewController.m; sourceTree = "<group>"; };
		3A04293D20B7AAFF0025D9D5 /* AGBoxDetailViewController.m */ = {isa = PBXFileReference; fileEncoding = 4; lastKnownFileType = sourcecode.c.objc; path = AGBoxDetailViewController.m; sourceTree = "<group>"; };
		3A04293E20B7AAFF0025D9D5 /* AGBoxCollectionViewController.h */ = {isa = PBXFileReference; fileEncoding = 4; lastKnownFileType = sourcecode.c.h; path = AGBoxCollectionViewController.h; sourceTree = "<group>"; };
		3A04293F20B7AAFF0025D9D5 /* AGBoxDetailViewController.h */ = {isa = PBXFileReference; fileEncoding = 4; lastKnownFileType = sourcecode.c.h; path = AGBoxDetailViewController.h; sourceTree = "<group>"; };
		3A04294020B7AAFF0025D9D5 /* AGBoxCollectionViewController.m */ = {isa = PBXFileReference; fileEncoding = 4; lastKnownFileType = sourcecode.c.objc; path = AGBoxCollectionViewController.m; sourceTree = "<group>"; };
		3A04294220B7AB000025D9D5 /* AGBoxBCell.h */ = {isa = PBXFileReference; fileEncoding = 4; lastKnownFileType = sourcecode.c.h; path = AGBoxBCell.h; sourceTree = "<group>"; };
		3A04294320B7AB000025D9D5 /* AGBoxACell.h */ = {isa = PBXFileReference; fileEncoding = 4; lastKnownFileType = sourcecode.c.h; path = AGBoxACell.h; sourceTree = "<group>"; };
		3A04294420B7AB000025D9D5 /* AGBoxCCell.h */ = {isa = PBXFileReference; fileEncoding = 4; lastKnownFileType = sourcecode.c.h; path = AGBoxCCell.h; sourceTree = "<group>"; };
		3A04294520B7AB000025D9D5 /* AGBoxACell.xib */ = {isa = PBXFileReference; fileEncoding = 4; lastKnownFileType = file.xib; path = AGBoxACell.xib; sourceTree = "<group>"; };
		3A04294620B7AB000025D9D5 /* AGBoxBCell.m */ = {isa = PBXFileReference; fileEncoding = 4; lastKnownFileType = sourcecode.c.objc; path = AGBoxBCell.m; sourceTree = "<group>"; };
		3A04294720B7AB000025D9D5 /* AGBoxCCell.m */ = {isa = PBXFileReference; fileEncoding = 4; lastKnownFileType = sourcecode.c.objc; path = AGBoxCCell.m; sourceTree = "<group>"; };
		3A04294820B7AB000025D9D5 /* AGBoxBCell.xib */ = {isa = PBXFileReference; fileEncoding = 4; lastKnownFileType = file.xib; path = AGBoxBCell.xib; sourceTree = "<group>"; };
		3A04294920B7AB000025D9D5 /* AGBoxACell.m */ = {isa = PBXFileReference; fileEncoding = 4; lastKnownFileType = sourcecode.c.objc; path = AGBoxACell.m; sourceTree = "<group>"; };
		3A04294A20B7AB000025D9D5 /* AGBoxCCell.xib */ = {isa = PBXFileReference; fileEncoding = 4; lastKnownFileType = file.xib; path = AGBoxCCell.xib; sourceTree = "<group>"; };
		3A04295320B7AC9C0025D9D5 /* AGBookDetailAPIManager.h */ = {isa = PBXFileReference; lastKnownFileType = sourcecode.c.h; path = AGBookDetailAPIManager.h; sourceTree = "<group>"; };
		3A04295420B7AC9C0025D9D5 /* AGBookDetailAPIManager.m */ = {isa = PBXFileReference; lastKnownFileType = sourcecode.c.objc; path = AGBookDetailAPIManager.m; sourceTree = "<group>"; };
		3A04295620B7AE4B0025D9D5 /* AGBookDetailViewController.h */ = {isa = PBXFileReference; lastKnownFileType = sourcecode.c.h; path = AGBookDetailViewController.h; sourceTree = "<group>"; };
		3A04295720B7AE4B0025D9D5 /* AGBookDetailViewController.m */ = {isa = PBXFileReference; lastKnownFileType = sourcecode.c.objc; path = AGBookDetailViewController.m; sourceTree = "<group>"; };
		3A04295820B7AE4B0025D9D5 /* AGBookDetailViewController.xib */ = {isa = PBXFileReference; lastKnownFileType = file.xib; path = AGBookDetailViewController.xib; sourceTree = "<group>"; };
		3A04295B20B7B2610025D9D5 /* AGBookHandleReformer.h */ = {isa = PBXFileReference; lastKnownFileType = sourcecode.c.h; path = AGBookHandleReformer.h; sourceTree = "<group>"; };
		3A04295C20B7B2610025D9D5 /* AGBookHandleReformer.m */ = {isa = PBXFileReference; lastKnownFileType = sourcecode.c.objc; path = AGBookHandleReformer.m; sourceTree = "<group>"; };
		3A409D891F606A1700845767 /* AGVMNotifier.h */ = {isa = PBXFileReference; fileEncoding = 4; lastKnownFileType = sourcecode.c.h; path = AGVMNotifier.h; sourceTree = "<group>"; };
		3A409D8A1F606A1700845767 /* AGVMNotifier.m */ = {isa = PBXFileReference; fileEncoding = 4; lastKnownFileType = sourcecode.c.objc; path = AGVMNotifier.m; sourceTree = "<group>"; };
		3A7FD5D020B779F700A0787A /* AGBookListViewController.h */ = {isa = PBXFileReference; lastKnownFileType = sourcecode.c.h; path = AGBookListViewController.h; sourceTree = "<group>"; };
		3A7FD5D120B779F700A0787A /* AGBookListViewController.m */ = {isa = PBXFileReference; lastKnownFileType = sourcecode.c.objc; path = AGBookListViewController.m; sourceTree = "<group>"; };
		3A7FD5D320B77C6200A0787A /* AGBookListCell.h */ = {isa = PBXFileReference; lastKnownFileType = sourcecode.c.h; path = AGBookListCell.h; sourceTree = "<group>"; };
		3A7FD5D420B77C6200A0787A /* AGBookListCell.m */ = {isa = PBXFileReference; lastKnownFileType = sourcecode.c.objc; path = AGBookListCell.m; sourceTree = "<group>"; };
		3A7FD5D520B77C6200A0787A /* AGBookListCell.xib */ = {isa = PBXFileReference; lastKnownFileType = file.xib; path = AGBookListCell.xib; sourceTree = "<group>"; };
		3A7FD5E420B77EC300A0787A /* AGBoxVMGenerator.m */ = {isa = PBXFileReference; fileEncoding = 4; lastKnownFileType = sourcecode.c.objc; path = AGBoxVMGenerator.m; sourceTree = "<group>"; };
		3A7FD5E520B77EC300A0787A /* AGBoxVMGenerator.h */ = {isa = PBXFileReference; fileEncoding = 4; lastKnownFileType = sourcecode.c.h; path = AGBoxVMGenerator.h; sourceTree = "<group>"; };
		3A7FD5E620B77EC300A0787A /* AGBoxVMKeys.h */ = {isa = PBXFileReference; fileEncoding = 4; lastKnownFileType = sourcecode.c.h; path = AGBoxVMKeys.h; sourceTree = "<group>"; };
		3A7FD5EA20B77F0200A0787A /* AGDocumentVMGenerator.m */ = {isa = PBXFileReference; fileEncoding = 4; lastKnownFileType = sourcecode.c.objc; path = AGDocumentVMGenerator.m; sourceTree = "<group>"; };
		3A7FD5EB20B77F0200A0787A /* AGDocumentVMGenerator.h */ = {isa = PBXFileReference; fileEncoding = 4; lastKnownFileType = sourcecode.c.h; path = AGDocumentVMGenerator.h; sourceTree = "<group>"; };
		3A7FD5F120B7810100A0787A /* AGBookListAPIManager.h */ = {isa = PBXFileReference; lastKnownFileType = sourcecode.c.h; path = AGBookListAPIManager.h; sourceTree = "<group>"; };
		3A7FD5F220B7810100A0787A /* AGBookListAPIManager.m */ = {isa = PBXFileReference; lastKnownFileType = sourcecode.c.objc; path = AGBookListAPIManager.m; sourceTree = "<group>"; };
		3A89D45221D99CC300B0779A /* AGMainCell.h */ = {isa = PBXFileReference; lastKnownFileType = sourcecode.c.h; path = AGMainCell.h; sourceTree = "<group>"; };
		3A89D45321D99CC300B0779A /* AGMainCell.m */ = {isa = PBXFileReference; lastKnownFileType = sourcecode.c.objc; path = AGMainCell.m; sourceTree = "<group>"; };
		3A89D45521D99DB700B0779A /* AGMainHeaderFooterView.h */ = {isa = PBXFileReference; lastKnownFileType = sourcecode.c.h; path = AGMainHeaderFooterView.h; sourceTree = "<group>"; };
		3A89D45621D99DB700B0779A /* AGMainHeaderFooterView.m */ = {isa = PBXFileReference; lastKnownFileType = sourcecode.c.objc; path = AGMainHeaderFooterView.m; sourceTree = "<group>"; };
		3AA8036921DE4B2900515EC8 /* UIViewController+AGViewModel.h */ = {isa = PBXFileReference; lastKnownFileType = sourcecode.c.h; path = "UIViewController+AGViewModel.h"; sourceTree = "<group>"; };
		3AA8036A21DE4B2900515EC8 /* UIViewController+AGViewModel.m */ = {isa = PBXFileReference; lastKnownFileType = sourcecode.c.objc; path = "UIViewController+AGViewModel.m"; sourceTree = "<group>"; };
		3AA8036C21DE6ABC00515EC8 /* AGVMKeys.m */ = {isa = PBXFileReference; lastKnownFileType = sourcecode.c.objc; path = AGVMKeys.m; sourceTree = "<group>"; };
		3AACE8211EACF9100097C4F3 /* AGViewModelDemo.app */ = {isa = PBXFileReference; explicitFileType = wrapper.application; includeInIndex = 0; path = AGViewModelDemo.app; sourceTree = BUILT_PRODUCTS_DIR; };
		3AACE8251EACF9100097C4F3 /* main.m */ = {isa = PBXFileReference; lastKnownFileType = sourcecode.c.objc; path = main.m; sourceTree = "<group>"; };
		3AACE8271EACF9100097C4F3 /* AppDelegate.h */ = {isa = PBXFileReference; lastKnownFileType = sourcecode.c.h; path = AppDelegate.h; sourceTree = "<group>"; };
		3AACE8281EACF9100097C4F3 /* AppDelegate.m */ = {isa = PBXFileReference; lastKnownFileType = sourcecode.c.objc; path = AppDelegate.m; sourceTree = "<group>"; };
		3AACE82E1EACF9100097C4F3 /* Base */ = {isa = PBXFileReference; lastKnownFileType = file.storyboard; name = Base; path = Base.lproj/Main.storyboard; sourceTree = "<group>"; };
		3AACE8301EACF9100097C4F3 /* Assets.xcassets */ = {isa = PBXFileReference; lastKnownFileType = folder.assetcatalog; path = Assets.xcassets; sourceTree = "<group>"; };
		3AACE8331EACF9100097C4F3 /* Base */ = {isa = PBXFileReference; lastKnownFileType = file.storyboard; name = Base; path = Base.lproj/LaunchScreen.storyboard; sourceTree = "<group>"; };
		3AACE8351EACF9100097C4F3 /* Info.plist */ = {isa = PBXFileReference; lastKnownFileType = text.plist.xml; path = Info.plist; sourceTree = "<group>"; };
		3AACE83A1EACF9110097C4F3 /* AGViewModelDemoTests.xctest */ = {isa = PBXFileReference; explicitFileType = wrapper.cfbundle; includeInIndex = 0; path = AGViewModelDemoTests.xctest; sourceTree = BUILT_PRODUCTS_DIR; };
		3AACE83E1EACF9110097C4F3 /* AGViewModelDemoTests.m */ = {isa = PBXFileReference; lastKnownFileType = sourcecode.c.objc; path = AGViewModelDemoTests.m; sourceTree = "<group>"; };
		3AACE8401EACF9110097C4F3 /* Info.plist */ = {isa = PBXFileReference; lastKnownFileType = text.plist.xml; path = Info.plist; sourceTree = "<group>"; };
		3ABDA84D1FF340F40039AA42 /* AGViewModelSafeAccessibleTests.m */ = {isa = PBXFileReference; lastKnownFileType = sourcecode.c.objc; path = AGViewModelSafeAccessibleTests.m; sourceTree = "<group>"; };
		3AC28DFA1FB8179C00578B5D /* AGTableViewManager.m */ = {isa = PBXFileReference; fileEncoding = 4; lastKnownFileType = sourcecode.c.objc; path = AGTableViewManager.m; sourceTree = "<group>"; };
		3AC28DFB1FB8179C00578B5D /* AGCollectionViewManager.m */ = {isa = PBXFileReference; fileEncoding = 4; lastKnownFileType = sourcecode.c.objc; path = AGCollectionViewManager.m; sourceTree = "<group>"; };
		3AC28DFC1FB8179C00578B5D /* AGBaseViewManager.m */ = {isa = PBXFileReference; fileEncoding = 4; lastKnownFileType = sourcecode.c.objc; path = AGBaseViewManager.m; sourceTree = "<group>"; };
		3AC28DFD1FB8179C00578B5D /* AGTableViewManager.h */ = {isa = PBXFileReference; fileEncoding = 4; lastKnownFileType = sourcecode.c.h; path = AGTableViewManager.h; sourceTree = "<group>"; };
		3AC28DFE1FB8179C00578B5D /* AGCollectionViewManager.h */ = {isa = PBXFileReference; fileEncoding = 4; lastKnownFileType = sourcecode.c.h; path = AGCollectionViewManager.h; sourceTree = "<group>"; };
		3AC28DFF1FB8179C00578B5D /* AGBaseViewManager.h */ = {isa = PBXFileReference; fileEncoding = 4; lastKnownFileType = sourcecode.c.h; path = AGBaseViewManager.h; sourceTree = "<group>"; };
		3AC28E101FB848F600578B5D /* AGGlobalVMKeys.h */ = {isa = PBXFileReference; lastKnownFileType = sourcecode.c.h; path = AGGlobalVMKeys.h; sourceTree = "<group>"; };
		3AD8915D1F38965100E86F9F /* AGViewModel.h */ = {isa = PBXFileReference; fileEncoding = 4; lastKnownFileType = sourcecode.c.h; path = AGViewModel.h; sourceTree = "<group>"; };
		3AD8915E1F38965100E86F9F /* AGViewModel.m */ = {isa = PBXFileReference; fileEncoding = 4; lastKnownFileType = sourcecode.c.objc; path = AGViewModel.m; sourceTree = "<group>"; };
		3AD8915F1F38965100E86F9F /* AGVMKeys.h */ = {isa = PBXFileReference; fileEncoding = 4; lastKnownFileType = sourcecode.c.h; path = AGVMKeys.h; sourceTree = "<group>"; };
		3AD891601F38965100E86F9F /* AGVMKit.h */ = {isa = PBXFileReference; fileEncoding = 4; lastKnownFileType = sourcecode.c.h; path = AGVMKit.h; sourceTree = "<group>"; };
		3AD891611F38965100E86F9F /* AGVMProtocol.h */ = {isa = PBXFileReference; fileEncoding = 4; lastKnownFileType = sourcecode.c.h; path = AGVMProtocol.h; sourceTree = "<group>"; };
		3AD891621F38965100E86F9F /* AGVMPackager.h */ = {isa = PBXFileReference; fileEncoding = 4; lastKnownFileType = sourcecode.c.h; path = AGVMPackager.h; sourceTree = "<group>"; };
		3AD891631F38965100E86F9F /* AGVMPackager.m */ = {isa = PBXFileReference; fileEncoding = 4; lastKnownFileType = sourcecode.c.objc; path = AGVMPackager.m; sourceTree = "<group>"; };
		3AD891641F38965100E86F9F /* AGVMManager.h */ = {isa = PBXFileReference; fileEncoding = 4; lastKnownFileType = sourcecode.c.h; path = AGVMManager.h; sourceTree = "<group>"; };
		3AD891651F38965100E86F9F /* AGVMManager.m */ = {isa = PBXFileReference; fileEncoding = 4; lastKnownFileType = sourcecode.c.objc; path = AGVMManager.m; sourceTree = "<group>"; };
		3AD891661F38965100E86F9F /* AGVMSection.h */ = {isa = PBXFileReference; fileEncoding = 4; lastKnownFileType = sourcecode.c.h; path = AGVMSection.h; sourceTree = "<group>"; };
		3AD891671F38965100E86F9F /* AGVMSection.m */ = {isa = PBXFileReference; fileEncoding = 4; lastKnownFileType = sourcecode.c.objc; path = AGVMSection.m; sourceTree = "<group>"; };
		3AE5B11C1FEF984B00C91906 /* AGVMFunction.h */ = {isa = PBXFileReference; lastKnownFileType = sourcecode.c.h; path = AGVMFunction.h; sourceTree = "<group>"; };
		3AE9C3802031437B009F4B29 /* UITableViewCell+AGViewModel.m */ = {isa = PBXFileReference; fileEncoding = 4; lastKnownFileType = sourcecode.c.objc; path = "UITableViewCell+AGViewModel.m"; sourceTree = "<group>"; };
		3AE9C3812031437B009F4B29 /* UITableViewHeaderFooterView+AGViewModel.m */ = {isa = PBXFileReference; fileEncoding = 4; lastKnownFileType = sourcecode.c.objc; path = "UITableViewHeaderFooterView+AGViewModel.m"; sourceTree = "<group>"; };
		3AE9C3822031437B009F4B29 /* UICollectionReusableView+AGViewModel.m */ = {isa = PBXFileReference; fileEncoding = 4; lastKnownFileType = sourcecode.c.objc; path = "UICollectionReusableView+AGViewModel.m"; sourceTree = "<group>"; };
		3AE9C3832031437B009F4B29 /* UICollectionViewCell+AGViewModel.m */ = {isa = PBXFileReference; fileEncoding = 4; lastKnownFileType = sourcecode.c.objc; path = "UICollectionViewCell+AGViewModel.m"; sourceTree = "<group>"; };
		3AE9C3852031437B009F4B29 /* UITableViewHeaderFooterView+AGViewModel.h */ = {isa = PBXFileReference; fileEncoding = 4; lastKnownFileType = sourcecode.c.h; path = "UITableViewHeaderFooterView+AGViewModel.h"; sourceTree = "<group>"; };
		3AE9C3862031437B009F4B29 /* UITableViewCell+AGViewModel.h */ = {isa = PBXFileReference; fileEncoding = 4; lastKnownFileType = sourcecode.c.h; path = "UITableViewCell+AGViewModel.h"; sourceTree = "<group>"; };
		3AE9C3872031437B009F4B29 /* UICollectionReusableView+AGViewModel.h */ = {isa = PBXFileReference; fileEncoding = 4; lastKnownFileType = sourcecode.c.h; path = "UICollectionReusableView+AGViewModel.h"; sourceTree = "<group>"; };
		3AE9C3882031437B009F4B29 /* UICollectionViewCell+AGViewModel.h */ = {isa = PBXFileReference; fileEncoding = 4; lastKnownFileType = sourcecode.c.h; path = "UICollectionViewCell+AGViewModel.h"; sourceTree = "<group>"; };
		3AE9C392203143DB009F4B29 /* UIView+AGViewModel.h */ = {isa = PBXFileReference; lastKnownFileType = sourcecode.c.h; path = "UIView+AGViewModel.h"; sourceTree = "<group>"; };
		3AE9C393203143DB009F4B29 /* UIView+AGViewModel.m */ = {isa = PBXFileReference; lastKnownFileType = sourcecode.c.objc; path = "UIView+AGViewModel.m"; sourceTree = "<group>"; };
		3AFD681C21D3F6A6007317E6 /* AGDiskBookListViewController.h */ = {isa = PBXFileReference; lastKnownFileType = sourcecode.c.h; path = AGDiskBookListViewController.h; sourceTree = "<group>"; };
		3AFD681D21D3F6A6007317E6 /* AGDiskBookListViewController.m */ = {isa = PBXFileReference; lastKnownFileType = sourcecode.c.objc; path = AGDiskBookListViewController.m; sourceTree = "<group>"; };
		50237810C9061914256F6227 /* Pods-AGViewModelDemo.release.xcconfig */ = {isa = PBXFileReference; includeInIndex = 1; lastKnownFileType = text.xcconfig; name = "Pods-AGViewModelDemo.release.xcconfig"; path = "Pods/Target Support Files/Pods-AGViewModelDemo/Pods-AGViewModelDemo.release.xcconfig"; sourceTree = "<group>"; };
		B9E38E8365AEB3988E2CFC57 /* libPods-AGViewModelDemo.a */ = {isa = PBXFileReference; explicitFileType = archive.ar; includeInIndex = 0; path = "libPods-AGViewModelDemo.a"; sourceTree = BUILT_PRODUCTS_DIR; };
/* End PBXFileReference section */

/* Begin PBXFrameworksBuildPhase section */
		3AACE81E1EACF9100097C4F3 /* Frameworks */ = {
			isa = PBXFrameworksBuildPhase;
			buildActionMask = 2147483647;
			files = (
				87465D43050D2F2439B7FF87 /* libPods-AGViewModelDemo.a in Frameworks */,
			);
			runOnlyForDeploymentPostprocessing = 0;
		};
		3AACE8371EACF9110097C4F3 /* Frameworks */ = {
			isa = PBXFrameworksBuildPhase;
			buildActionMask = 2147483647;
			files = (
			);
			runOnlyForDeploymentPostprocessing = 0;
		};
/* End PBXFrameworksBuildPhase section */

/* Begin PBXGroup section */
		08BFA38203E828FD41BF06FB /* Pods */ = {
			isa = PBXGroup;
			children = (
				0B73F38F0874A936EE14B756 /* Pods-AGViewModelDemo.debug.xcconfig */,
				50237810C9061914256F6227 /* Pods-AGViewModelDemo.release.xcconfig */,
			);
			name = Pods;
			sourceTree = "<group>";
		};
		2EBE4498E53C907CF0E74EB9 /* Frameworks */ = {
			isa = PBXGroup;
			children = (
				B9E38E8365AEB3988E2CFC57 /* libPods-AGViewModelDemo.a */,
			);
			name = Frameworks;
			sourceTree = "<group>";
		};
		3A04291020B783A50025D9D5 /* APITools */ = {
			isa = PBXGroup;
			children = (
				3A04291620B78D500025D9D5 /* CTAPIBaseManager+WNAPIBaseManager.h */,
				3A04291520B78D500025D9D5 /* CTAPIBaseManager+WNAPIBaseManager.m */,
			);
			path = APITools;
			sourceTree = "<group>";
		};
		3A04291120B783A50025D9D5 /* APIServices */ = {
			isa = PBXGroup;
			children = (
				3A04291220B783EA0025D9D5 /* AGDoubanService.h */,
				3A04291320B783EA0025D9D5 /* AGDoubanService.m */,
				3A04291C20B793960025D9D5 /* Target_AGDoubanService.h */,
				3A04291D20B793960025D9D5 /* Target_AGDoubanService.m */,
			);
			path = APIServices;
			sourceTree = "<group>";
		};
		3A04291820B792100025D9D5 /* CTAppContext */ = {
			isa = PBXGroup;
			children = (
				3A04291920B792100025D9D5 /* Target_CTAppContext.m */,
				3A04291A20B792100025D9D5 /* Target_CTAppContext.h */,
			);
			path = CTAppContext;
			sourceTree = "<group>";
		};
		3A04292620B7AAB00025D9D5 /* Services */ = {
			isa = PBXGroup;
			children = (
				3A04292720B7AAB00025D9D5 /* VMGenerator */,
			);
			path = Services;
			sourceTree = "<group>";
		};
		3A04292720B7AAB00025D9D5 /* VMGenerator */ = {
			isa = PBXGroup;
			children = (
				3A04292920B7AAB00025D9D5 /* AGHomeVMGenerator.h */,
				3A04292820B7AAB00025D9D5 /* AGHomeVMGenerator.m */,
			);
			path = VMGenerator;
			sourceTree = "<group>";
		};
		3A04292A20B7AAB00025D9D5 /* Controllers */ = {
			isa = PBXGroup;
			children = (
				3A04292C20B7AAB00025D9D5 /* ViewController.h */,
				3A04292B20B7AAB00025D9D5 /* ViewController.m */,
			);
			path = Controllers;
			sourceTree = "<group>";
		};
		3A04292F20B7AADA0025D9D5 /* Views */ = {
			isa = PBXGroup;
			children = (
				3A04293420B7AADA0025D9D5 /* GZPSItemDetailCell.h */,
				3A04293120B7AADA0025D9D5 /* GZPSItemDetailCell.m */,
				3A04293220B7AADA0025D9D5 /* GZPSItemDetailCell.xib */,
				3A04293320B7AADA0025D9D5 /* GZPSItemHeaderView.h */,
				3A04293020B7AADA0025D9D5 /* GZPSItemHeaderView.m */,
			);
			path = Views;
			sourceTree = "<group>";
		};
		3A04293520B7AADA0025D9D5 /* Controllers */ = {
			isa = PBXGroup;
			children = (
				3A04293620B7AADA0025D9D5 /* AGDocumentViewController.h */,
				3A04293720B7AADA0025D9D5 /* AGDocumentViewController.m */,
			);
			path = Controllers;
			sourceTree = "<group>";
		};
		3A04293C20B7AAFF0025D9D5 /* Controllers */ = {
			isa = PBXGroup;
			children = (
				3A04293E20B7AAFF0025D9D5 /* AGBoxCollectionViewController.h */,
				3A04294020B7AAFF0025D9D5 /* AGBoxCollectionViewController.m */,
				3A04293F20B7AAFF0025D9D5 /* AGBoxDetailViewController.h */,
				3A04293D20B7AAFF0025D9D5 /* AGBoxDetailViewController.m */,
			);
			path = Controllers;
			sourceTree = "<group>";
		};
		3A04294120B7AB000025D9D5 /* Views */ = {
			isa = PBXGroup;
			children = (
				3A04294220B7AB000025D9D5 /* AGBoxBCell.h */,
				3A04294320B7AB000025D9D5 /* AGBoxACell.h */,
				3A04294420B7AB000025D9D5 /* AGBoxCCell.h */,
				3A04294520B7AB000025D9D5 /* AGBoxACell.xib */,
				3A04294620B7AB000025D9D5 /* AGBoxBCell.m */,
				3A04294720B7AB000025D9D5 /* AGBoxCCell.m */,
				3A04294820B7AB000025D9D5 /* AGBoxBCell.xib */,
				3A04294920B7AB000025D9D5 /* AGBoxACell.m */,
				3A04294A20B7AB000025D9D5 /* AGBoxCCell.xib */,
			);
			path = Views;
			sourceTree = "<group>";
		};
		3A07BA161FD1A23E00887BBE /* AGDocumentViewController */ = {
			isa = PBXGroup;
			children = (
				3A04293520B7AADA0025D9D5 /* Controllers */,
				3A04292F20B7AADA0025D9D5 /* Views */,
				3A7FD5E820B77F0200A0787A /* Services */,
			);
			path = AGDocumentViewController;
			sourceTree = "<group>";
		};
		3A1D2F2B1F499864004E8735 /* AGBoxViewController */ = {
			isa = PBXGroup;
			children = (
				3A04293C20B7AAFF0025D9D5 /* Controllers */,
				3A04294120B7AB000025D9D5 /* Views */,
				3A7FD5E220B77EC300A0787A /* Services */,
			);
			path = AGBoxViewController;
			sourceTree = "<group>";
		};
		3A7FD5C920B7794E00A0787A /* AGBookViewController */ = {
			isa = PBXGroup;
			children = (
				3A7FD5CB20B779AD00A0787A /* Controllers */,
				3A7FD5CC20B779AD00A0787A /* Services */,
				3A7FD5CA20B779AD00A0787A /* Views */,
			);
			path = AGBookViewController;
			sourceTree = "<group>";
		};
		3A7FD5CA20B779AD00A0787A /* Views */ = {
			isa = PBXGroup;
			children = (
				3A7FD5D320B77C6200A0787A /* AGBookListCell.h */,
				3A7FD5D420B77C6200A0787A /* AGBookListCell.m */,
				3A7FD5D520B77C6200A0787A /* AGBookListCell.xib */,
			);
			path = Views;
			sourceTree = "<group>";
		};
		3A7FD5CB20B779AD00A0787A /* Controllers */ = {
			isa = PBXGroup;
			children = (
				3A7FD5D020B779F700A0787A /* AGBookListViewController.h */,
				3A7FD5D120B779F700A0787A /* AGBookListViewController.m */,
				3A04295620B7AE4B0025D9D5 /* AGBookDetailViewController.h */,
				3A04295720B7AE4B0025D9D5 /* AGBookDetailViewController.m */,
				3A04295820B7AE4B0025D9D5 /* AGBookDetailViewController.xib */,
				3AFD681C21D3F6A6007317E6 /* AGDiskBookListViewController.h */,
				3AFD681D21D3F6A6007317E6 /* AGDiskBookListViewController.m */,
			);
			path = Controllers;
			sourceTree = "<group>";
		};
		3A7FD5CC20B779AD00A0787A /* Services */ = {
			isa = PBXGroup;
			children = (
				3A04292520B798300025D9D5 /* AGBookAPIKeys.h */,
				3A7FD5CD20B779AD00A0787A /* VMGenerator */,
				3A7FD5CE20B779AD00A0787A /* APIReformer */,
				3A7FD5CF20B779AD00A0787A /* VMPackager */,
			);
			path = Services;
			sourceTree = "<group>";
		};
		3A7FD5CD20B779AD00A0787A /* VMGenerator */ = {
			isa = PBXGroup;
			children = (
			);
			path = VMGenerator;
			sourceTree = "<group>";
		};
		3A7FD5CE20B779AD00A0787A /* APIReformer */ = {
			isa = PBXGroup;
			children = (
				3A04291F20B7955D0025D9D5 /* AGBookListAPIReformer.h */,
				3A04292020B7955D0025D9D5 /* AGBookListAPIReformer.m */,
				3A04295B20B7B2610025D9D5 /* AGBookHandleReformer.h */,
				3A04295C20B7B2610025D9D5 /* AGBookHandleReformer.m */,
			);
			path = APIReformer;
			sourceTree = "<group>";
		};
		3A7FD5CF20B779AD00A0787A /* VMPackager */ = {
			isa = PBXGroup;
			children = (
				3A04292220B796260025D9D5 /* AGBookListCellVMP.h */,
				3A04292320B796260025D9D5 /* AGBookListCellVMP.m */,
			);
			path = VMPackager;
			sourceTree = "<group>";
		};
		3A7FD5E220B77EC300A0787A /* Services */ = {
			isa = PBXGroup;
			children = (
				3A7FD5E320B77EC300A0787A /* VMGenerator */,
				3A7FD5E620B77EC300A0787A /* AGBoxVMKeys.h */,
			);
			path = Services;
			sourceTree = "<group>";
		};
		3A7FD5E320B77EC300A0787A /* VMGenerator */ = {
			isa = PBXGroup;
			children = (
				3A7FD5E420B77EC300A0787A /* AGBoxVMGenerator.m */,
				3A7FD5E520B77EC300A0787A /* AGBoxVMGenerator.h */,
			);
			path = VMGenerator;
			sourceTree = "<group>";
		};
		3A7FD5E820B77F0200A0787A /* Services */ = {
			isa = PBXGroup;
			children = (
				3A7FD5E920B77F0200A0787A /* VMGenerator */,
			);
			path = Services;
			sourceTree = "<group>";
		};
		3A7FD5E920B77F0200A0787A /* VMGenerator */ = {
			isa = PBXGroup;
			children = (
				3A7FD5EA20B77F0200A0787A /* AGDocumentVMGenerator.m */,
				3A7FD5EB20B77F0200A0787A /* AGDocumentVMGenerator.h */,
			);
			path = VMGenerator;
			sourceTree = "<group>";
		};
		3A7FD5ED20B780AA00A0787A /* __RequestModule */ = {
			isa = PBXGroup;
			children = (
				3A04291820B792100025D9D5 /* CTAppContext */,
				3A04291120B783A50025D9D5 /* APIServices */,
				3A04291020B783A50025D9D5 /* APITools */,
				3A7FD5EE20B780AA00A0787A /* BookAPI */,
			);
			path = __RequestModule;
			sourceTree = "<group>";
		};
		3A7FD5EE20B780AA00A0787A /* BookAPI */ = {
			isa = PBXGroup;
			children = (
				3A7FD5EF20B780AA00A0787A /* APIValidator */,
				3A7FD5F020B780AA00A0787A /* APIManager */,
			);
			path = BookAPI;
			sourceTree = "<group>";
		};
		3A7FD5EF20B780AA00A0787A /* APIValidator */ = {
			isa = PBXGroup;
			children = (
			);
			path = APIValidator;
			sourceTree = "<group>";
		};
		3A7FD5F020B780AA00A0787A /* APIManager */ = {
			isa = PBXGroup;
			children = (
				3A7FD5F120B7810100A0787A /* AGBookListAPIManager.h */,
				3A7FD5F220B7810100A0787A /* AGBookListAPIManager.m */,
				3A04295320B7AC9C0025D9D5 /* AGBookDetailAPIManager.h */,
				3A04295420B7AC9C0025D9D5 /* AGBookDetailAPIManager.m */,
			);
			path = APIManager;
			sourceTree = "<group>";
		};
		3A89D45121D99CA700B0779A /* View */ = {
			isa = PBXGroup;
			children = (
				3A89D45221D99CC300B0779A /* AGMainCell.h */,
				3A89D45321D99CC300B0779A /* AGMainCell.m */,
				3A89D45521D99DB700B0779A /* AGMainHeaderFooterView.h */,
				3A89D45621D99DB700B0779A /* AGMainHeaderFooterView.m */,
			);
			path = View;
			sourceTree = "<group>";
		};
		3AACE8181EACF9100097C4F3 = {
			isa = PBXGroup;
			children = (
				3AACE8231EACF9100097C4F3 /* AGViewModelDemo */,
				3AACE83D1EACF9110097C4F3 /* AGViewModelDemoTests */,
				3AACE8221EACF9100097C4F3 /* Products */,
				08BFA38203E828FD41BF06FB /* Pods */,
				2EBE4498E53C907CF0E74EB9 /* Frameworks */,
			);
			sourceTree = "<group>";
		};
		3AACE8221EACF9100097C4F3 /* Products */ = {
			isa = PBXGroup;
			children = (
				3AACE8211EACF9100097C4F3 /* AGViewModelDemo.app */,
				3AACE83A1EACF9110097C4F3 /* AGViewModelDemoTests.xctest */,
			);
			name = Products;
			sourceTree = "<group>";
		};
		3AACE8231EACF9100097C4F3 /* AGViewModelDemo */ = {
			isa = PBXGroup;
			children = (
				3ABB4B061F2644BA0007255F /* __AppGlobalTool */,
				3AACE8271EACF9100097C4F3 /* AppDelegate.h */,
				3AACE8281EACF9100097C4F3 /* AppDelegate.m */,
				3AC28E061FB847E300578B5D /* Mian */,
				3AACE84D1EACF9780097C4F3 /* Demo */,
				3AACE82D1EACF9100097C4F3 /* Main.storyboard */,
				3AACE8301EACF9100097C4F3 /* Assets.xcassets */,
				3AACE8321EACF9100097C4F3 /* LaunchScreen.storyboard */,
				3AACE8351EACF9100097C4F3 /* Info.plist */,
				3AACE8241EACF9100097C4F3 /* Supporting Files */,
			);
			path = AGViewModelDemo;
			sourceTree = "<group>";
		};
		3AACE8241EACF9100097C4F3 /* Supporting Files */ = {
			isa = PBXGroup;
			children = (
				3AACE8251EACF9100097C4F3 /* main.m */,
			);
			name = "Supporting Files";
			sourceTree = "<group>";
		};
		3AACE83D1EACF9110097C4F3 /* AGViewModelDemoTests */ = {
			isa = PBXGroup;
			children = (
				3ABDA84D1FF340F40039AA42 /* AGViewModelSafeAccessibleTests.m */,
				3AACE83E1EACF9110097C4F3 /* AGViewModelDemoTests.m */,
				3AACE8401EACF9110097C4F3 /* Info.plist */,
			);
			path = AGViewModelDemoTests;
			sourceTree = "<group>";
		};
		3AACE84D1EACF9780097C4F3 /* Demo */ = {
			isa = PBXGroup;
			children = (
				3A7FD5ED20B780AA00A0787A /* __RequestModule */,
				3A7FD5C920B7794E00A0787A /* AGBookViewController */,
				3A07BA161FD1A23E00887BBE /* AGDocumentViewController */,
				3A1D2F2B1F499864004E8735 /* AGBoxViewController */,
			);
			path = Demo;
			sourceTree = "<group>";
		};
		3ABB4B061F2644BA0007255F /* __AppGlobalTool */ = {
			isa = PBXGroup;
			children = (
				3AC28DF91FB8179C00578B5D /* ViewManager */,
				3ABB4B211F2644E50007255F /* AGViewModel */,
				3AC28E101FB848F600578B5D /* AGGlobalVMKeys.h */,
			);
			path = __AppGlobalTool;
			sourceTree = "<group>";
		};
		3ABB4B211F2644E50007255F /* AGViewModel */ = {
			isa = PBXGroup;
			children = (
				3AE9C37F2031437B009F4B29 /* Category */,
				3AD8915D1F38965100E86F9F /* AGViewModel.h */,
				3AD8915E1F38965100E86F9F /* AGViewModel.m */,
				3AE5B11C1FEF984B00C91906 /* AGVMFunction.h */,
				3AD8915F1F38965100E86F9F /* AGVMKeys.h */,
				3AA8036C21DE6ABC00515EC8 /* AGVMKeys.m */,
				3AD891601F38965100E86F9F /* AGVMKit.h */,
				3AD891641F38965100E86F9F /* AGVMManager.h */,
				3AD891651F38965100E86F9F /* AGVMManager.m */,
				3A409D891F606A1700845767 /* AGVMNotifier.h */,
				3A409D8A1F606A1700845767 /* AGVMNotifier.m */,
				3AD891621F38965100E86F9F /* AGVMPackager.h */,
				3AD891631F38965100E86F9F /* AGVMPackager.m */,
				3AD891611F38965100E86F9F /* AGVMProtocol.h */,
				3AD891661F38965100E86F9F /* AGVMSection.h */,
				3AD891671F38965100E86F9F /* AGVMSection.m */,
			);
			path = AGViewModel;
			sourceTree = "<group>";
		};
		3AC28DF91FB8179C00578B5D /* ViewManager */ = {
			isa = PBXGroup;
			children = (
				3AC28DFF1FB8179C00578B5D /* AGBaseViewManager.h */,
				3AC28DFC1FB8179C00578B5D /* AGBaseViewManager.m */,
				3AC28DFD1FB8179C00578B5D /* AGTableViewManager.h */,
				3AC28DFA1FB8179C00578B5D /* AGTableViewManager.m */,
				3AC28DFE1FB8179C00578B5D /* AGCollectionViewManager.h */,
				3AC28DFB1FB8179C00578B5D /* AGCollectionViewManager.m */,
			);
			path = ViewManager;
			sourceTree = "<group>";
		};
		3AC28E061FB847E300578B5D /* Mian */ = {
			isa = PBXGroup;
			children = (
				3A89D45121D99CA700B0779A /* View */,
				3A04292A20B7AAB00025D9D5 /* Controllers */,
				3A04292620B7AAB00025D9D5 /* Services */,
			);
			path = Mian;
			sourceTree = "<group>";
		};
		3AE9C37F2031437B009F4B29 /* Category */ = {
			isa = PBXGroup;
			children = (
				3A03B172205178E40034DC87 /* NSString+AGCalculate.h */,
				3A03B173205178E40034DC87 /* NSString+AGCalculate.m */,
				3AE9C3872031437B009F4B29 /* UICollectionReusableView+AGViewModel.h */,
				3AE9C3822031437B009F4B29 /* UICollectionReusableView+AGViewModel.m */,
				3AE9C3882031437B009F4B29 /* UICollectionViewCell+AGViewModel.h */,
				3AE9C3832031437B009F4B29 /* UICollectionViewCell+AGViewModel.m */,
				3AE9C3862031437B009F4B29 /* UITableViewCell+AGViewModel.h */,
				3AE9C3802031437B009F4B29 /* UITableViewCell+AGViewModel.m */,
				3AE9C3852031437B009F4B29 /* UITableViewHeaderFooterView+AGViewModel.h */,
				3AE9C3812031437B009F4B29 /* UITableViewHeaderFooterView+AGViewModel.m */,
				3AE9C392203143DB009F4B29 /* UIView+AGViewModel.h */,
				3AE9C393203143DB009F4B29 /* UIView+AGViewModel.m */,
				3AA8036921DE4B2900515EC8 /* UIViewController+AGViewModel.h */,
				3AA8036A21DE4B2900515EC8 /* UIViewController+AGViewModel.m */,
			);
			path = Category;
			sourceTree = "<group>";
		};
/* End PBXGroup section */

/* Begin PBXNativeTarget section */
		3AACE8201EACF9100097C4F3 /* AGViewModelDemo */ = {
			isa = PBXNativeTarget;
			buildConfigurationList = 3AACE8431EACF9110097C4F3 /* Build configuration list for PBXNativeTarget "AGViewModelDemo" */;
			buildPhases = (
				37A8226586239C281DC8627E /* [CP] Check Pods Manifest.lock */,
				3AACE81D1EACF9100097C4F3 /* Sources */,
				3AACE81E1EACF9100097C4F3 /* Frameworks */,
				3AACE81F1EACF9100097C4F3 /* Resources */,
				33F560A8849E3AEECDF524D2 /* [CP] Copy Pods Resources */,
			);
			buildRules = (
			);
			dependencies = (
			);
			name = AGViewModelDemo;
			productName = AGViewModelDemo;
			productReference = 3AACE8211EACF9100097C4F3 /* AGViewModelDemo.app */;
			productType = "com.apple.product-type.application";
		};
		3AACE8391EACF9110097C4F3 /* AGViewModelDemoTests */ = {
			isa = PBXNativeTarget;
			buildConfigurationList = 3AACE8461EACF9110097C4F3 /* Build configuration list for PBXNativeTarget "AGViewModelDemoTests" */;
			buildPhases = (
				3AACE8361EACF9110097C4F3 /* Sources */,
				3AACE8371EACF9110097C4F3 /* Frameworks */,
				3AACE8381EACF9110097C4F3 /* Resources */,
			);
			buildRules = (
			);
			dependencies = (
				3AACE83C1EACF9110097C4F3 /* PBXTargetDependency */,
			);
			name = AGViewModelDemoTests;
			productName = AGViewModelDemoTests;
			productReference = 3AACE83A1EACF9110097C4F3 /* AGViewModelDemoTests.xctest */;
			productType = "com.apple.product-type.bundle.unit-test";
		};
/* End PBXNativeTarget section */

/* Begin PBXProject section */
		3AACE8191EACF9100097C4F3 /* Project object */ = {
			isa = PBXProject;
			attributes = {
				LastUpgradeCheck = 0930;
				ORGANIZATIONNAME = JohnnyB0Y;
				TargetAttributes = {
					3AACE8201EACF9100097C4F3 = {
						CreatedOnToolsVersion = 8.3.2;
						DevelopmentTeam = 3MK3532499;
						ProvisioningStyle = Automatic;
					};
					3AACE8391EACF9110097C4F3 = {
						CreatedOnToolsVersion = 8.3.2;
						ProvisioningStyle = Automatic;
						TestTargetID = 3AACE8201EACF9100097C4F3;
					};
				};
			};
			buildConfigurationList = 3AACE81C1EACF9100097C4F3 /* Build configuration list for PBXProject "AGViewModelDemo" */;
			compatibilityVersion = "Xcode 3.2";
			developmentRegion = English;
			hasScannedForEncodings = 0;
			knownRegions = (
				en,
				Base,
			);
			mainGroup = 3AACE8181EACF9100097C4F3;
			productRefGroup = 3AACE8221EACF9100097C4F3 /* Products */;
			projectDirPath = "";
			projectRoot = "";
			targets = (
				3AACE8201EACF9100097C4F3 /* AGViewModelDemo */,
				3AACE8391EACF9110097C4F3 /* AGViewModelDemoTests */,
			);
		};
/* End PBXProject section */

/* Begin PBXResourcesBuildPhase section */
		3AACE81F1EACF9100097C4F3 /* Resources */ = {
			isa = PBXResourcesBuildPhase;
			buildActionMask = 2147483647;
			files = (
				3A04295A20B7AE4B0025D9D5 /* AGBookDetailViewController.xib in Resources */,
				3AACE8341EACF9100097C4F3 /* LaunchScreen.storyboard in Resources */,
				3A04294D20B7AB000025D9D5 /* AGBoxACell.xib in Resources */,
				3A7FD5D720B77C6200A0787A /* AGBookListCell.xib in Resources */,
				3A04295220B7AB000025D9D5 /* AGBoxCCell.xib in Resources */,
				3A04295020B7AB000025D9D5 /* AGBoxBCell.xib in Resources */,
				3AACE8311EACF9100097C4F3 /* Assets.xcassets in Resources */,
				3AACE82F1EACF9100097C4F3 /* Main.storyboard in Resources */,
				3A04293A20B7AADB0025D9D5 /* GZPSItemDetailCell.xib in Resources */,
			);
			runOnlyForDeploymentPostprocessing = 0;
		};
		3AACE8381EACF9110097C4F3 /* Resources */ = {
			isa = PBXResourcesBuildPhase;
			buildActionMask = 2147483647;
			files = (
			);
			runOnlyForDeploymentPostprocessing = 0;
		};
/* End PBXResourcesBuildPhase section */

/* Begin PBXShellScriptBuildPhase section */
		33F560A8849E3AEECDF524D2 /* [CP] Copy Pods Resources */ = {
			isa = PBXShellScriptBuildPhase;
			buildActionMask = 2147483647;
			files = (
			);
			inputPaths = (
				"${SRCROOT}/Pods/Target Support Files/Pods-AGViewModelDemo/Pods-AGViewModelDemo-resources.sh",
				"${PODS_ROOT}/MJRefresh/MJRefresh/MJRefresh.bundle",
				"${PODS_ROOT}/SAMKeychain/Support/SAMKeychain.bundle",
				"${PODS_ROOT}/SVProgressHUD/SVProgressHUD/SVProgressHUD.bundle",
			);
			name = "[CP] Copy Pods Resources";
			outputPaths = (
				"${TARGET_BUILD_DIR}/${UNLOCALIZED_RESOURCES_FOLDER_PATH}/MJRefresh.bundle",
				"${TARGET_BUILD_DIR}/${UNLOCALIZED_RESOURCES_FOLDER_PATH}/SAMKeychain.bundle",
				"${TARGET_BUILD_DIR}/${UNLOCALIZED_RESOURCES_FOLDER_PATH}/SVProgressHUD.bundle",
			);
			runOnlyForDeploymentPostprocessing = 0;
			shellPath = /bin/sh;
			shellScript = "\"${SRCROOT}/Pods/Target Support Files/Pods-AGViewModelDemo/Pods-AGViewModelDemo-resources.sh\"\n";
			showEnvVarsInLog = 0;
		};
		37A8226586239C281DC8627E /* [CP] Check Pods Manifest.lock */ = {
			isa = PBXShellScriptBuildPhase;
			buildActionMask = 2147483647;
			files = (
			);
			inputPaths = (
				"${PODS_PODFILE_DIR_PATH}/Podfile.lock",
				"${PODS_ROOT}/Manifest.lock",
			);
			name = "[CP] Check Pods Manifest.lock";
			outputPaths = (
				"$(DERIVED_FILE_DIR)/Pods-AGViewModelDemo-checkManifestLockResult.txt",
			);
			runOnlyForDeploymentPostprocessing = 0;
			shellPath = /bin/sh;
			shellScript = "diff \"${PODS_PODFILE_DIR_PATH}/Podfile.lock\" \"${PODS_ROOT}/Manifest.lock\" > /dev/null\nif [ $? != 0 ] ; then\n    # print error to STDERR\n    echo \"error: The sandbox is not in sync with the Podfile.lock. Run 'pod install' or update your CocoaPods installation.\" >&2\n    exit 1\nfi\n# This output is used by Xcode 'outputs' to avoid re-running this script phase.\necho \"SUCCESS\" > \"${SCRIPT_OUTPUT_FILE_0}\"\n";
			showEnvVarsInLog = 0;
		};
/* End PBXShellScriptBuildPhase section */

/* Begin PBXSourcesBuildPhase section */
		3AACE81D1EACF9100097C4F3 /* Sources */ = {
			isa = PBXSourcesBuildPhase;
			buildActionMask = 2147483647;
			files = (
				3AFD681E21D3F6A6007317E6 /* AGDiskBookListViewController.m in Sources */,
				3AE9C38B2031437B009F4B29 /* UITableViewHeaderFooterView+AGViewModel.m in Sources */,
				3A04293920B7AADB0025D9D5 /* GZPSItemDetailCell.m in Sources */,
				3A04295D20B7B2610025D9D5 /* AGBookHandleReformer.m in Sources */,
				3AA8036D21DE6ABC00515EC8 /* AGVMKeys.m in Sources */,
				3A7FD5D220B779F700A0787A /* AGBookListViewController.m in Sources */,
				3AE9C394203143DB009F4B29 /* UIView+AGViewModel.m in Sources */,
				3A04294C20B7AB000025D9D5 /* AGBoxCollectionViewController.m in Sources */,
				3A7FD5D620B77C6200A0787A /* AGBookListCell.m in Sources */,
				3A7FD5F320B7810100A0787A /* AGBookListAPIManager.m in Sources */,
				3AC28E021FB8179C00578B5D /* AGBaseViewManager.m in Sources */,
				3AE9C38D2031437B009F4B29 /* UICollectionViewCell+AGViewModel.m in Sources */,
				3A04291720B78D500025D9D5 /* CTAPIBaseManager+WNAPIBaseManager.m in Sources */,
				3AC28E011FB8179C00578B5D /* AGCollectionViewManager.m in Sources */,
				3A04291E20B793960025D9D5 /* Target_AGDoubanService.m in Sources */,
				3A409D8B1F606A1700845767 /* AGVMNotifier.m in Sources */,
				3AC28E001FB8179C00578B5D /* AGTableViewManager.m in Sources */,
				3AACE8291EACF9100097C4F3 /* AppDelegate.m in Sources */,
				3A04292D20B7AAB00025D9D5 /* AGHomeVMGenerator.m in Sources */,
				3A04294E20B7AB000025D9D5 /* AGBoxBCell.m in Sources */,
				3A04293820B7AADB0025D9D5 /* GZPSItemHeaderView.m in Sources */,
				3A04292E20B7AAB00025D9D5 /* ViewController.m in Sources */,
				3AA8036B21DE4B2900515EC8 /* UIViewController+AGViewModel.m in Sources */,
				3A04292120B7955D0025D9D5 /* AGBookListAPIReformer.m in Sources */,
				3A7FD5EC20B77F0200A0787A /* AGDocumentVMGenerator.m in Sources */,
				3AACE8261EACF9100097C4F3 /* main.m in Sources */,
				3AD8916C1F38965100E86F9F /* AGVMManager.m in Sources */,
				3A04292420B796260025D9D5 /* AGBookListCellVMP.m in Sources */,
				3A89D45421D99CC300B0779A /* AGMainCell.m in Sources */,
				3A89D45721D99DB700B0779A /* AGMainHeaderFooterView.m in Sources */,
				3A03B174205178E40034DC87 /* NSString+AGCalculate.m in Sources */,
				3AD8916D1F38965100E86F9F /* AGVMSection.m in Sources */,
				3AD8916A1F38965100E86F9F /* AGViewModel.m in Sources */,
				3A7FD5E720B77EC300A0787A /* AGBoxVMGenerator.m in Sources */,
				3A04291B20B792100025D9D5 /* Target_CTAppContext.m in Sources */,
				3AE9C38C2031437B009F4B29 /* UICollectionReusableView+AGViewModel.m in Sources */,
				3AE9C38A2031437B009F4B29 /* UITableViewCell+AGViewModel.m in Sources */,
				3A04294F20B7AB000025D9D5 /* AGBoxCCell.m in Sources */,
				3A04291420B783EA0025D9D5 /* AGDoubanService.m in Sources */,
				3AD8916B1F38965100E86F9F /* AGVMPackager.m in Sources */,
				3A04295520B7AC9C0025D9D5 /* AGBookDetailAPIManager.m in Sources */,
				3A04294B20B7AB000025D9D5 /* AGBoxDetailViewController.m in Sources */,
				3A04293B20B7AADB0025D9D5 /* AGDocumentViewController.m in Sources */,
				3A04295120B7AB000025D9D5 /* AGBoxACell.m in Sources */,
				3A04295920B7AE4B0025D9D5 /* AGBookDetailViewController.m in Sources */,
			);
			runOnlyForDeploymentPostprocessing = 0;
		};
		3AACE8361EACF9110097C4F3 /* Sources */ = {
			isa = PBXSourcesBuildPhase;
			buildActionMask = 2147483647;
			files = (
				3ABDA84E1FF340F40039AA42 /* AGViewModelSafeAccessibleTests.m in Sources */,
				3AACE83F1EACF9110097C4F3 /* AGViewModelDemoTests.m in Sources */,
			);
			runOnlyForDeploymentPostprocessing = 0;
		};
/* End PBXSourcesBuildPhase section */

/* Begin PBXTargetDependency section */
		3AACE83C1EACF9110097C4F3 /* PBXTargetDependency */ = {
			isa = PBXTargetDependency;
			target = 3AACE8201EACF9100097C4F3 /* AGViewModelDemo */;
			targetProxy = 3AACE83B1EACF9110097C4F3 /* PBXContainerItemProxy */;
		};
/* End PBXTargetDependency section */

/* Begin PBXVariantGroup section */
		3AACE82D1EACF9100097C4F3 /* Main.storyboard */ = {
			isa = PBXVariantGroup;
			children = (
				3AACE82E1EACF9100097C4F3 /* Base */,
			);
			name = Main.storyboard;
			sourceTree = "<group>";
		};
		3AACE8321EACF9100097C4F3 /* LaunchScreen.storyboard */ = {
			isa = PBXVariantGroup;
			children = (
				3AACE8331EACF9100097C4F3 /* Base */,
			);
			name = LaunchScreen.storyboard;
			sourceTree = "<group>";
		};
/* End PBXVariantGroup section */

/* Begin XCBuildConfiguration section */
		3AACE8411EACF9110097C4F3 /* Debug */ = {
			isa = XCBuildConfiguration;
			buildSettings = {
				ALWAYS_SEARCH_USER_PATHS = NO;
				CLANG_ANALYZER_NONNULL = YES;
				CLANG_ANALYZER_NUMBER_OBJECT_CONVERSION = YES_AGGRESSIVE;
				CLANG_CXX_LANGUAGE_STANDARD = "gnu++0x";
				CLANG_CXX_LIBRARY = "libc++";
				CLANG_ENABLE_MODULES = YES;
				CLANG_ENABLE_OBJC_ARC = YES;
				CLANG_WARN_BLOCK_CAPTURE_AUTORELEASING = YES;
				CLANG_WARN_BOOL_CONVERSION = YES;
				CLANG_WARN_COMMA = YES;
				CLANG_WARN_CONSTANT_CONVERSION = YES;
				CLANG_WARN_DEPRECATED_OBJC_IMPLEMENTATIONS = YES;
				CLANG_WARN_DIRECT_OBJC_ISA_USAGE = YES_ERROR;
				CLANG_WARN_DOCUMENTATION_COMMENTS = YES;
				CLANG_WARN_EMPTY_BODY = YES;
				CLANG_WARN_ENUM_CONVERSION = YES;
				CLANG_WARN_INFINITE_RECURSION = YES;
				CLANG_WARN_INT_CONVERSION = YES;
				CLANG_WARN_NON_LITERAL_NULL_CONVERSION = YES;
				CLANG_WARN_OBJC_IMPLICIT_RETAIN_SELF = YES;
				CLANG_WARN_OBJC_LITERAL_CONVERSION = YES;
				CLANG_WARN_OBJC_ROOT_CLASS = YES_ERROR;
				CLANG_WARN_RANGE_LOOP_ANALYSIS = YES;
				CLANG_WARN_STRICT_PROTOTYPES = YES;
				CLANG_WARN_SUSPICIOUS_MOVE = YES;
				CLANG_WARN_UNREACHABLE_CODE = YES;
				CLANG_WARN__DUPLICATE_METHOD_MATCH = YES;
				"CODE_SIGN_IDENTITY[sdk=iphoneos*]" = "iPhone Developer";
				COPY_PHASE_STRIP = NO;
				DEBUG_INFORMATION_FORMAT = dwarf;
				ENABLE_STRICT_OBJC_MSGSEND = YES;
				ENABLE_TESTABILITY = YES;
				GCC_C_LANGUAGE_STANDARD = gnu99;
				GCC_DYNAMIC_NO_PIC = NO;
				GCC_NO_COMMON_BLOCKS = YES;
				GCC_OPTIMIZATION_LEVEL = 0;
				GCC_PREPROCESSOR_DEFINITIONS = (
					"DEBUG=1",
					"$(inherited)",
				);
				GCC_WARN_64_TO_32_BIT_CONVERSION = YES;
				GCC_WARN_ABOUT_RETURN_TYPE = YES_ERROR;
				GCC_WARN_UNDECLARED_SELECTOR = YES;
				GCC_WARN_UNINITIALIZED_AUTOS = YES_AGGRESSIVE;
				GCC_WARN_UNUSED_FUNCTION = YES;
				GCC_WARN_UNUSED_VARIABLE = YES;
				IPHONEOS_DEPLOYMENT_TARGET = 10.3;
				MTL_ENABLE_DEBUG_INFO = YES;
				ONLY_ACTIVE_ARCH = YES;
				SDKROOT = iphoneos;
			};
			name = Debug;
		};
		3AACE8421EACF9110097C4F3 /* Release */ = {
			isa = XCBuildConfiguration;
			buildSettings = {
				ALWAYS_SEARCH_USER_PATHS = NO;
				CLANG_ANALYZER_NONNULL = YES;
				CLANG_ANALYZER_NUMBER_OBJECT_CONVERSION = YES_AGGRESSIVE;
				CLANG_CXX_LANGUAGE_STANDARD = "gnu++0x";
				CLANG_CXX_LIBRARY = "libc++";
				CLANG_ENABLE_MODULES = YES;
				CLANG_ENABLE_OBJC_ARC = YES;
				CLANG_WARN_BLOCK_CAPTURE_AUTORELEASING = YES;
				CLANG_WARN_BOOL_CONVERSION = YES;
				CLANG_WARN_COMMA = YES;
				CLANG_WARN_CONSTANT_CONVERSION = YES;
				CLANG_WARN_DEPRECATED_OBJC_IMPLEMENTATIONS = YES;
				CLANG_WARN_DIRECT_OBJC_ISA_USAGE = YES_ERROR;
				CLANG_WARN_DOCUMENTATION_COMMENTS = YES;
				CLANG_WARN_EMPTY_BODY = YES;
				CLANG_WARN_ENUM_CONVERSION = YES;
				CLANG_WARN_INFINITE_RECURSION = YES;
				CLANG_WARN_INT_CONVERSION = YES;
				CLANG_WARN_NON_LITERAL_NULL_CONVERSION = YES;
				CLANG_WARN_OBJC_IMPLICIT_RETAIN_SELF = YES;
				CLANG_WARN_OBJC_LITERAL_CONVERSION = YES;
				CLANG_WARN_OBJC_ROOT_CLASS = YES_ERROR;
				CLANG_WARN_RANGE_LOOP_ANALYSIS = YES;
				CLANG_WARN_STRICT_PROTOTYPES = YES;
				CLANG_WARN_SUSPICIOUS_MOVE = YES;
				CLANG_WARN_UNREACHABLE_CODE = YES;
				CLANG_WARN__DUPLICATE_METHOD_MATCH = YES;
				"CODE_SIGN_IDENTITY[sdk=iphoneos*]" = "iPhone Developer";
				COPY_PHASE_STRIP = NO;
				DEBUG_INFORMATION_FORMAT = "dwarf-with-dsym";
				ENABLE_NS_ASSERTIONS = NO;
				ENABLE_STRICT_OBJC_MSGSEND = YES;
				GCC_C_LANGUAGE_STANDARD = gnu99;
				GCC_NO_COMMON_BLOCKS = YES;
				GCC_OPTIMIZATION_LEVEL = s;
				GCC_WARN_64_TO_32_BIT_CONVERSION = YES;
				GCC_WARN_ABOUT_RETURN_TYPE = YES_ERROR;
				GCC_WARN_UNDECLARED_SELECTOR = YES;
				GCC_WARN_UNINITIALIZED_AUTOS = YES_AGGRESSIVE;
				GCC_WARN_UNUSED_FUNCTION = YES;
				GCC_WARN_UNUSED_VARIABLE = YES;
				IPHONEOS_DEPLOYMENT_TARGET = 10.3;
				MTL_ENABLE_DEBUG_INFO = NO;
				SDKROOT = iphoneos;
				VALIDATE_PRODUCT = YES;
			};
			name = Release;
		};
		3AACE8441EACF9110097C4F3 /* Debug */ = {
			isa = XCBuildConfiguration;
			baseConfigurationReference = 0B73F38F0874A936EE14B756 /* Pods-AGViewModelDemo.debug.xcconfig */;
			buildSettings = {
				ASSETCATALOG_COMPILER_APPICON_NAME = AppIcon;
				CLANG_WARN_STRICT_PROTOTYPES = NO;
				DEVELOPMENT_TEAM = 3MK3532499;
				GCC_GENERATE_TEST_COVERAGE_FILES = YES;
				GCC_INSTRUMENT_PROGRAM_FLOW_ARCS = YES;
				INFOPLIST_FILE = AGViewModelDemo/Info.plist;
				LD_RUNPATH_SEARCH_PATHS = "$(inherited) @executable_path/Frameworks";
				PRODUCT_BUNDLE_IDENTIFIER = com.JohnnyB0Y.AGViewModelDemo;
				PRODUCT_NAME = "$(TARGET_NAME)";
			};
			name = Debug;
		};
		3AACE8451EACF9110097C4F3 /* Release */ = {
			isa = XCBuildConfiguration;
			baseConfigurationReference = 50237810C9061914256F6227 /* Pods-AGViewModelDemo.release.xcconfig */;
			buildSettings = {
				ASSETCATALOG_COMPILER_APPICON_NAME = AppIcon;
				CLANG_WARN_STRICT_PROTOTYPES = NO;
				DEVELOPMENT_TEAM = 3MK3532499;
				GCC_OPTIMIZATION_LEVEL = s;
				INFOPLIST_FILE = AGViewModelDemo/Info.plist;
				LD_RUNPATH_SEARCH_PATHS = "$(inherited) @executable_path/Frameworks";
				PRODUCT_BUNDLE_IDENTIFIER = com.JohnnyB0Y.AGViewModelDemo;
				PRODUCT_NAME = "$(TARGET_NAME)";
			};
			name = Release;
		};
		3AACE8471EACF9110097C4F3 /* Debug */ = {
			isa = XCBuildConfiguration;
			buildSettings = {
				BUNDLE_LOADER = "$(TEST_HOST)";
				DEVELOPMENT_TEAM = "";
				INFOPLIST_FILE = AGViewModelDemoTests/Info.plist;
				LD_RUNPATH_SEARCH_PATHS = "$(inherited) @executable_path/Frameworks @loader_path/Frameworks";
				PRODUCT_BUNDLE_IDENTIFIER = com.JohnnyB0Y.AGViewModelDemoTests;
				PRODUCT_NAME = "$(TARGET_NAME)";
				TEST_HOST = "$(BUILT_PRODUCTS_DIR)/AGViewModelDemo.app/AGViewModelDemo";
			};
			name = Debug;
		};
		3AACE8481EACF9110097C4F3 /* Release */ = {
			isa = XCBuildConfiguration;
			buildSettings = {
				BUNDLE_LOADER = "$(TEST_HOST)";
				DEVELOPMENT_TEAM = "";
				GCC_OPTIMIZATION_LEVEL = 0;
				INFOPLIST_FILE = AGViewModelDemoTests/Info.plist;
				LD_RUNPATH_SEARCH_PATHS = "$(inherited) @executable_path/Frameworks @loader_path/Frameworks";
				PRODUCT_BUNDLE_IDENTIFIER = com.JohnnyB0Y.AGViewModelDemoTests;
				PRODUCT_NAME = "$(TARGET_NAME)";
				TEST_HOST = "$(BUILT_PRODUCTS_DIR)/AGViewModelDemo.app/AGViewModelDemo";
			};
			name = Release;
		};
/* End XCBuildConfiguration section */

/* Begin XCConfigurationList section */
		3AACE81C1EACF9100097C4F3 /* Build configuration list for PBXProject "AGViewModelDemo" */ = {
			isa = XCConfigurationList;
			buildConfigurations = (
				3AACE8411EACF9110097C4F3 /* Debug */,
				3AACE8421EACF9110097C4F3 /* Release */,
			);
			defaultConfigurationIsVisible = 0;
			defaultConfigurationName = Release;
		};
		3AACE8431EACF9110097C4F3 /* Build configuration list for PBXNativeTarget "AGViewModelDemo" */ = {
			isa = XCConfigurationList;
			buildConfigurations = (
				3AACE8441EACF9110097C4F3 /* Debug */,
				3AACE8451EACF9110097C4F3 /* Release */,
			);
			defaultConfigurationIsVisible = 0;
			defaultConfigurationName = Release;
		};
		3AACE8461EACF9110097C4F3 /* Build configuration list for PBXNativeTarget "AGViewModelDemoTests" */ = {
			isa = XCConfigurationList;
			buildConfigurations = (
				3AACE8471EACF9110097C4F3 /* Debug */,
				3AACE8481EACF9110097C4F3 /* Release */,
			);
			defaultConfigurationIsVisible = 0;
			defaultConfigurationName = Release;
		};
/* End XCConfigurationList section */
	};
	rootObject = 3AACE8191EACF9100097C4F3 /* Project object */;
}
